
Microsoft Visual Studio Solution File, Format Version 12.00
# Visual Studio Version 17
VisualStudioVersion = 17.4.33213.308
MinimumVisualStudioVersion = 10.0.40219.1
Project("{FAE04EC0-301F-11D3-BF4B-00C04F79EFBC}") = "expenseTrackerApi", "expenseTrackerApi\expenseTrackerApi.csproj", "{4A1CD178-CA1B-479D-AD7A-37DF55065035}"
EndProject
Global
	GlobalSection(SolutionConfigurationPlatforms) = preSolution
		Debug|Any CPU = Debug|Any CPU
		Release|Any CPU = Release|Any CPU
	EndGlobalSection
	GlobalSection(ProjectConfigurationPlatforms) = postSolution
		{4A1CD178-CA1B-479D-AD7A-37DF55065035}.Debug|Any CPU.ActiveCfg = Debug|Any CPU
		{4A1CD178-CA1B-479D-AD7A-37DF55065035}.Debug|Any CPU.Build.0 = Debug|Any CPU
		{4A1CD178-CA1B-479D-AD7A-37DF55065035}.Release|Any CPU.ActiveCfg = Release|Any CPU
		{4A1CD178-CA1B-479D-AD7A-37DF55065035}.Release|Any CPU.Build.0 = Release|Any CPU
	EndGlobalSection
	GlobalSection(SolutionProperties) = preSolution
		HideSolutionNode = FALSE
	EndGlobalSection
	GlobalSection(ExtensibilityGlobals) = postSolution
		SolutionGuid = {F1BECF26-89FB-49E1-9F79-5636BF52C2F0}
	EndGlobalSection
EndGlobal
